
Microsoft Visual Studio Solution File, Format Version 12.00
# Visual Studio Version 17
VisualStudioVersion = 17.14.36616.10 d17.14
MinimumVisualStudioVersion = 10.0.40219.1
Project("{FAE04EC0-301F-11D3-BF4B-00C04F79EFBC}") = "CalendarOcrApp", "CalendarOcrApp\CalendarOcrApp.csproj", "{0F1E1743-8FF7-48BD-A189-E4E5DE163737}"
EndProject
Global
	GlobalSection(SolutionConfigurationPlatforms) = preSolution
		Debug|Any CPU = Debug|Any CPU
		Release|Any CPU = Release|Any CPU
	EndGlobalSection
	GlobalSection(ProjectConfigurationPlatforms) = postSolution
		{0F1E1743-8FF7-48BD-A189-E4E5DE163737}.Debug|Any CPU.ActiveCfg = Debug|Any CPU
		{0F1E1743-8FF7-48BD-A189-E4E5DE163737}.Debug|Any CPU.Build.0 = Debug|Any CPU
		{0F1E1743-8FF7-48BD-A189-E4E5DE163737}.Release|Any CPU.ActiveCfg = Release|Any CPU
		{0F1E1743-8FF7-48BD-A189-E4E5DE163737}.Release|Any CPU.Build.0 = Release|Any CPU
	EndGlobalSection
	GlobalSection(SolutionProperties) = preSolution
		HideSolutionNode = FALSE
	EndGlobalSection
	GlobalSection(ExtensibilityGlobals) = postSolution
		SolutionGuid = {D2B26227-9B22-4A7A-AE7B-40C65749C212}
	EndGlobalSection
EndGlobal
